
Microsoft Visual Studio Solution File, Format Version 12.00
# Visual Studio Version 16
VisualStudioVersion = 16.0.29709.97
MinimumVisualStudioVersion = 10.0.40219.1
Project("{FAE04EC0-301F-11D3-BF4B-00C04F79EFBC}") = "EntityFramework.DataFirst", "EntityFramework.DataFirst\EntityFramework.DataFirst.csproj", "{84236E72-1E75-4C99-9FC5-CD1113082ED8}"
EndProject
Project("{FAE04EC0-301F-11D3-BF4B-00C04F79EFBC}") = "EntityFramework.DataFirst2", "..\EntityFramework.DataFirst2\EntityFramework.DataFirst2.csproj", "{88C5CE7E-1D3B-4C70-9CB3-EAC1C7F68C00}"
EndProject
Project("{FAE04EC0-301F-11D3-BF4B-00C04F79EFBC}") = "ECMonitoring", "..\ECMonitoring\ECMonitoring.csproj", "{1FB92583-2BC6-4641-85B2-323B87FCDA53}"
EndProject
Global
	GlobalSection(SolutionConfigurationPlatforms) = preSolution
		Debug|Any CPU = Debug|Any CPU
		Release|Any CPU = Release|Any CPU
	EndGlobalSection
	GlobalSection(ProjectConfigurationPlatforms) = postSolution
		{84236E72-1E75-4C99-9FC5-CD1113082ED8}.Debug|Any CPU.ActiveCfg = Debug|Any CPU
		{84236E72-1E75-4C99-9FC5-CD1113082ED8}.Debug|Any CPU.Build.0 = Debug|Any CPU
		{84236E72-1E75-4C99-9FC5-CD1113082ED8}.Release|Any CPU.ActiveCfg = Release|Any CPU
		{84236E72-1E75-4C99-9FC5-CD1113082ED8}.Release|Any CPU.Build.0 = Release|Any CPU
		{88C5CE7E-1D3B-4C70-9CB3-EAC1C7F68C00}.Debug|Any CPU.ActiveCfg = Debug|Any CPU
		{88C5CE7E-1D3B-4C70-9CB3-EAC1C7F68C00}.Debug|Any CPU.Build.0 = Debug|Any CPU
		{88C5CE7E-1D3B-4C70-9CB3-EAC1C7F68C00}.Release|Any CPU.ActiveCfg = Release|Any CPU
		{88C5CE7E-1D3B-4C70-9CB3-EAC1C7F68C00}.Release|Any CPU.Build.0 = Release|Any CPU
		{1FB92583-2BC6-4641-85B2-323B87FCDA53}.Debug|Any CPU.ActiveCfg = Debug|Any CPU
		{1FB92583-2BC6-4641-85B2-323B87FCDA53}.Debug|Any CPU.Build.0 = Debug|Any CPU
		{1FB92583-2BC6-4641-85B2-323B87FCDA53}.Release|Any CPU.ActiveCfg = Release|Any CPU
		{1FB92583-2BC6-4641-85B2-323B87FCDA53}.Release|Any CPU.Build.0 = Release|Any CPU
	EndGlobalSection
	GlobalSection(SolutionProperties) = preSolution
		HideSolutionNode = FALSE
	EndGlobalSection
	GlobalSection(ExtensibilityGlobals) = postSolution
		SolutionGuid = {0E70161F-6778-4D29-B106-50656F76CE81}
	EndGlobalSection
EndGlobal
