
Microsoft Visual Studio Solution File, Format Version 12.00
# Visual Studio 15
VisualStudioVersion = 15.0.28307.1000
MinimumVisualStudioVersion = 10.0.40219.1
Project("{FAE04EC0-301F-11D3-BF4B-00C04F79EFBC}") = "WinPicap.Test", "WinPicap.Test\WinPicap.Test.csproj", "{B19F4E13-1739-4726-A59C-5591CC91BB20}"
EndProject
Global
	GlobalSection(SolutionConfigurationPlatforms) = preSolution
		Debug|Any CPU = Debug|Any CPU
		Release|Any CPU = Release|Any CPU
	EndGlobalSection
	GlobalSection(ProjectConfigurationPlatforms) = postSolution
		{B19F4E13-1739-4726-A59C-5591CC91BB20}.Debug|Any CPU.ActiveCfg = Debug|Any CPU
		{B19F4E13-1739-4726-A59C-5591CC91BB20}.Debug|Any CPU.Build.0 = Debug|Any CPU
		{B19F4E13-1739-4726-A59C-5591CC91BB20}.Release|Any CPU.ActiveCfg = Release|Any CPU
		{B19F4E13-1739-4726-A59C-5591CC91BB20}.Release|Any CPU.Build.0 = Release|Any CPU
	EndGlobalSection
	GlobalSection(SolutionProperties) = preSolution
		HideSolutionNode = FALSE
	EndGlobalSection
	GlobalSection(ExtensibilityGlobals) = postSolution
		SolutionGuid = {63A05185-CF3F-4BD4-B5BB-D502C6511113}
	EndGlobalSection
EndGlobal
