
Microsoft Visual Studio Solution File, Format Version 12.00
# Visual Studio 15
VisualStudioVersion = 15.0.28307.1000
MinimumVisualStudioVersion = 10.0.40219.1
Project("{FAE04EC0-301F-11D3-BF4B-00C04F79EFBC}") = "ECMonitoring.Service", "ECMonitoring.Service\ECMonitoring.Service.csproj", "{860CFBA7-2DCB-4732-AC11-90AC711755F1}"
EndProject
Project("{FAE04EC0-301F-11D3-BF4B-00C04F79EFBC}") = "ECMonitoring.Data", "ECMonitoring.Data\ECMonitoring.Data.csproj", "{B9EB1AA0-FB3A-44A4-BC5A-D9D6F80AFE72}"
EndProject
Project("{FAE04EC0-301F-11D3-BF4B-00C04F79EFBC}") = "ECMonitoring.Core", "ECMonitoring.Core\ECMonitoring.Core.csproj", "{2905C279-B1C5-46A0-9CFC-3511C31AC0BA}"
EndProject
Project("{FAE04EC0-301F-11D3-BF4B-00C04F79EFBC}") = "ECMonitoring.Manager", "ECMonitoring.Manager\ECMonitoring.Manager.csproj", "{A726FEE8-FE09-4082-90CB-B4831E7B5FE8}"
EndProject
Project("{FAE04EC0-301F-11D3-BF4B-00C04F79EFBC}") = "ECMonitoring", "ECMonitoring\ECMonitoring.csproj", "{185CE62F-AF56-4DD3-BF6A-E3AC3A041A05}"
EndProject
Project("{FAE04EC0-301F-11D3-BF4B-00C04F79EFBC}") = "ECMonitoring.Logger", "ECMonitoring.Logger\ECMonitoring.Logger.csproj", "{C02E43BE-57C3-4E33-B261-DCD453C48FFA}"
EndProject
Global
	GlobalSection(SolutionConfigurationPlatforms) = preSolution
		Debug|Any CPU = Debug|Any CPU
		Release|Any CPU = Release|Any CPU
	EndGlobalSection
	GlobalSection(ProjectConfigurationPlatforms) = postSolution
		{860CFBA7-2DCB-4732-AC11-90AC711755F1}.Debug|Any CPU.ActiveCfg = Debug|Any CPU
		{860CFBA7-2DCB-4732-AC11-90AC711755F1}.Debug|Any CPU.Build.0 = Debug|Any CPU
		{860CFBA7-2DCB-4732-AC11-90AC711755F1}.Release|Any CPU.ActiveCfg = Release|Any CPU
		{860CFBA7-2DCB-4732-AC11-90AC711755F1}.Release|Any CPU.Build.0 = Release|Any CPU
		{B9EB1AA0-FB3A-44A4-BC5A-D9D6F80AFE72}.Debug|Any CPU.ActiveCfg = Debug|Any CPU
		{B9EB1AA0-FB3A-44A4-BC5A-D9D6F80AFE72}.Debug|Any CPU.Build.0 = Debug|Any CPU
		{B9EB1AA0-FB3A-44A4-BC5A-D9D6F80AFE72}.Release|Any CPU.ActiveCfg = Release|Any CPU
		{B9EB1AA0-FB3A-44A4-BC5A-D9D6F80AFE72}.Release|Any CPU.Build.0 = Release|Any CPU
		{2905C279-B1C5-46A0-9CFC-3511C31AC0BA}.Debug|Any CPU.ActiveCfg = Debug|Any CPU
		{2905C279-B1C5-46A0-9CFC-3511C31AC0BA}.Debug|Any CPU.Build.0 = Debug|Any CPU
		{2905C279-B1C5-46A0-9CFC-3511C31AC0BA}.Release|Any CPU.ActiveCfg = Release|Any CPU
		{2905C279-B1C5-46A0-9CFC-3511C31AC0BA}.Release|Any CPU.Build.0 = Release|Any CPU
		{A726FEE8-FE09-4082-90CB-B4831E7B5FE8}.Debug|Any CPU.ActiveCfg = Debug|Any CPU
		{A726FEE8-FE09-4082-90CB-B4831E7B5FE8}.Debug|Any CPU.Build.0 = Debug|Any CPU
		{A726FEE8-FE09-4082-90CB-B4831E7B5FE8}.Release|Any CPU.ActiveCfg = Release|Any CPU
		{A726FEE8-FE09-4082-90CB-B4831E7B5FE8}.Release|Any CPU.Build.0 = Release|Any CPU
		{185CE62F-AF56-4DD3-BF6A-E3AC3A041A05}.Debug|Any CPU.ActiveCfg = Debug|Any CPU
		{185CE62F-AF56-4DD3-BF6A-E3AC3A041A05}.Debug|Any CPU.Build.0 = Debug|Any CPU
		{185CE62F-AF56-4DD3-BF6A-E3AC3A041A05}.Release|Any CPU.ActiveCfg = Release|Any CPU
		{185CE62F-AF56-4DD3-BF6A-E3AC3A041A05}.Release|Any CPU.Build.0 = Release|Any CPU
		{C02E43BE-57C3-4E33-B261-DCD453C48FFA}.Debug|Any CPU.ActiveCfg = Debug|Any CPU
		{C02E43BE-57C3-4E33-B261-DCD453C48FFA}.Debug|Any CPU.Build.0 = Debug|Any CPU
		{C02E43BE-57C3-4E33-B261-DCD453C48FFA}.Release|Any CPU.ActiveCfg = Release|Any CPU
		{C02E43BE-57C3-4E33-B261-DCD453C48FFA}.Release|Any CPU.Build.0 = Release|Any CPU
	EndGlobalSection
	GlobalSection(SolutionProperties) = preSolution
		HideSolutionNode = FALSE
	EndGlobalSection
	GlobalSection(ExtensibilityGlobals) = postSolution
		SolutionGuid = {5BA5F344-000C-4AF7-B9A8-6E049F4C4556}
	EndGlobalSection
EndGlobal
